{
  "name": "hap",
  "lockfileVersion": 2,
  "requires": true,
  "packages": {
    "": {
      "name": "hap",
      "dependencies": {
        "chalk": "^4.1.0",
        "inquirer": "^8.0.0",
        "pug": "^3.0.2",
        "ts-node": "^9.1.1"
      },
      "bin": {
        "hap": "index.js"
      },
      "devDependencies": {
        "@types/inquirer": "^7.3.1",
        "@types/pug": "^2.0.4"
      }
    },
    "node_modules/@babel/helper-validator-identifier": {
      "version": "7.12.11",
      "resolved": "https://r.cnpmjs.org/@babel/helper-validator-identifier/download/@babel/helper-validator-identifier-7.12.11.tgz",
      "integrity": "sha1-yaHwIZF9y1zPDU5FPjmQIpgfye0="
    },
    "node_modules/@babel/parser": {
      "version": "7.13.15",
      "resolved": "https://r.cnpmjs.org/@babel/parser/download/@babel/parser-7.13.15.tgz",
      "integrity": "sha1-jmZ3X7UjWZrLaiieEpKfpasJVNg=",
      "bin": {
        "parser": "bin/babel-parser.js"
      },
      "engines": {
        "node": ">=6.0.0"
      }
    },
    "node_modules/@babel/types": {
      "version": "7.13.14",
      "resolved": "https://r.cnpmjs.org/@babel/types/download/@babel/types-7.13.14.tgz",
      "integrity": "sha1-w1pKuxXHzUWidG14qzKONiy6zg0=",
      "dependencies": {
        "@babel/helper-validator-identifier": "^7.12.11",
        "lodash": "^4.17.19",
        "to-fast-properties": "^2.0.0"
      }
    },
    "node_modules/@types/inquirer": {
      "version": "7.3.1",
      "resolved": "https://r.cnpmjs.org/@types/inquirer/download/@types/inquirer-7.3.1.tgz",
      "integrity": "sha1-HyMSJOffEcz69M+ay8w7k1/qKS0=",
      "dev": true,
      "dependencies": {
        "@types/through": "*",
        "rxjs": "^6.4.0"
      }
    },
    "node_modules/@types/node": {
      "version": "14.14.41",
      "resolved": "https://r.cnpmjs.org/@types/node/download/@types/node-14.14.41.tgz",
      "integrity": "sha1-0Lk52Uwde9U9BIJK9F8RObjEVhU=",
      "dev": true
    },
    "node_modules/@types/pug": {
      "version": "2.0.4",
      "resolved": "https://r.cnpmjs.org/@types/pug/download/@types/pug-2.0.4.tgz",
      "integrity": "sha1-h3L80EGOPNLMFxVV1zAHQVBR9LI=",
      "dev": true
    },
    "node_modules/@types/through": {
      "version": "0.0.30",
      "resolved": "https://r.cnpmjs.org/@types/through/download/@types/through-0.0.30.tgz",
      "integrity": "sha1-4OQs536Je9aurW9upirrE1uKOJU=",
      "dev": true,
      "dependencies": {
        "@types/node": "*"
      }
    },
    "node_modules/acorn": {
      "version": "7.4.1",
      "resolved": "https://r.cnpmjs.org/acorn/download/acorn-7.4.1.tgz",
      "integrity": "sha1-/q7SVZc9LndVW4PbwIhRpsY1IPo=",
      "bin": {
        "acorn": "bin/acorn"
      },
      "engines": {
        "node": ">=0.4.0"
      }
    },
    "node_modules/ansi-escapes": {
      "version": "4.3.2",
      "resolved": "https://r.cnpmjs.org/ansi-escapes/download/ansi-escapes-4.3.2.tgz",
      "integrity": "sha1-ayKR0dt9mLZSHV8e+kLQ86n+tl4=",
      "dependencies": {
        "type-fest": "^0.21.3"
      },
      "engines": {
        "node": ">=8"
      }
    },
    "node_modules/ansi-regex": {
      "version": "5.0.0",
      "resolved": "https://r.cnpmjs.org/ansi-regex/download/ansi-regex-5.0.0.tgz",
      "integrity": "sha1-OIU59VF5vzkznIGvMKZU1p+Hy3U=",
      "engines": {
        "node": ">=8"
      }
    },
    "node_modules/ansi-styles": {
      "version": "4.3.0",
      "resolved": "https://r.cnpmjs.org/ansi-styles/download/ansi-styles-4.3.0.tgz",
      "integrity": "sha1-7dgDYornHATIWuegkG7a00tkiTc=",
      "dependencies": {
        "color-convert": "^2.0.1"
      },
      "engines": {
        "node": ">=8"
      }
    },
    "node_modules/arg": {
      "version": "4.1.3",
      "resolved": "https://r.cnpmjs.org/arg/download/arg-4.1.3.tgz",
      "integrity": "sha1-Jp/HrVuOQstjyJbVZmAXJhwUQIk="
    },
    "node_modules/asap": {
      "version": "2.0.6",
      "resolved": "https://r.cnpmjs.org/asap/download/asap-2.0.6.tgz",
      "integrity": "sha1-5QNHYR1+aQlDIIu9r+vLwvuGbUY="
    },
    "node_modules/assert-never": {
      "version": "1.2.1",
      "resolved": "https://r.cnpmjs.org/assert-never/download/assert-never-1.2.1.tgz",
      "integrity": "sha1-EfDjY78UYgX7CBk7XHuQ9NHPRP4="
    },
    "node_modules/babel-walk": {
      "version": "3.0.0-canary-5",
      "resolved": "https://r.cnpmjs.org/babel-walk/download/babel-walk-3.0.0-canary-5.tgz",
      "integrity": "sha1-9m7Ncpg1eu5ElV8jWm71QhkQSxE=",
      "dependencies": {
        "@babel/types": "^7.9.6"
      },
      "engines": {
        "node": ">= 10.0.0"
      }
    },
    "node_modules/buffer-from": {
      "version": "1.1.1",
      "resolved": "https://r.cnpmjs.org/buffer-from/download/buffer-from-1.1.1.tgz",
      "integrity": "sha1-MnE7wCj3XAL9txDXx7zsHyxgcO8="
    },
    "node_modules/call-bind": {
      "version": "1.0.2",
      "resolved": "https://r.cnpmjs.org/call-bind/download/call-bind-1.0.2.tgz",
      "integrity": "sha1-sdTonmiBGcPJqQOtMKuy9qkZvjw=",
      "dependencies": {
        "function-bind": "^1.1.1",
        "get-intrinsic": "^1.0.2"
      }
    },
    "node_modules/chalk": {
      "version": "4.1.0",
      "resolved": "https://r.cnpmjs.org/chalk/download/chalk-4.1.0.tgz",
      "integrity": "sha1-ThSHCmGNni7dl92DRf2dncMVZGo=",
      "dependencies": {
        "ansi-styles": "^4.1.0",
        "supports-color": "^7.1.0"
      },
      "engines": {
        "node": ">=10"
      }
    },
    "node_modules/character-parser": {
      "version": "2.2.0",
      "resolved": "https://r.cnpmjs.org/character-parser/download/character-parser-2.2.0.tgz",
      "integrity": "sha1-x84o821LzZdE5f/CxfzeHHMmH8A=",
      "dependencies": {
        "is-regex": "^1.0.3"
      }
    },
    "node_modules/chardet": {
      "version": "0.7.0",
      "resolved": "https://r.cnpmjs.org/chardet/download/chardet-0.7.0.tgz",
      "integrity": "sha1-kAlISfCTfy7twkJdDSip5fDLrZ4="
    },
    "node_modules/cli-cursor": {
      "version": "3.1.0",
      "resolved": "https://r.cnpmjs.org/cli-cursor/download/cli-cursor-3.1.0.tgz",
      "integrity": "sha1-JkMFp65JDR0Dvwybp8kl0XU68wc=",
      "dependencies": {
        "restore-cursor": "^3.1.0"
      },
      "engines": {
        "node": ">=8"
      }
    },
    "node_modules/cli-width": {
      "version": "3.0.0",
      "resolved": "https://r.cnpmjs.org/cli-width/download/cli-width-3.0.0.tgz",
      "integrity": "sha1-ovSEN6LKqaIkNueUvwceyeYc7fY=",
      "engines": {
        "node": ">= 10"
      }
    },
    "node_modules/color-convert": {
      "version": "2.0.1",
      "resolved": "https://r.cnpmjs.org/color-convert/download/color-convert-2.0.1.tgz",
      "integrity": "sha1-ctOmjVmMm9s68q0ehPIdiWq9TeM=",
      "dependencies": {
        "color-name": "~1.1.4"
      },
      "engines": {
        "node": ">=7.0.0"
      }
    },
    "node_modules/color-name": {
      "version": "1.1.4",
      "resolved": "https://r.cnpmjs.org/color-name/download/color-name-1.1.4.tgz",
      "integrity": "sha1-wqCah6y95pVD3m9j+jmVyCbFNqI="
    },
    "node_modules/constantinople": {
      "version": "4.0.1",
      "resolved": "https://r.cnpmjs.org/constantinople/download/constantinople-4.0.1.tgz",
      "integrity": "sha1-De8RP6Dk3I3oMzGlz3nIsyUhMVE=",
      "dependencies": {
        "@babel/parser": "^7.6.0",
        "@babel/types": "^7.6.1"
      }
    },
    "node_modules/create-require": {
      "version": "1.1.1",
      "resolved": "https://r.cnpmjs.org/create-require/download/create-require-1.1.1.tgz",
      "integrity": "sha1-wdfo8eX2z8n/ZfnNNS03NIdWwzM="
    },
    "node_modules/diff": {
      "version": "4.0.2",
      "resolved": "https://r.cnpmjs.org/diff/download/diff-4.0.2.tgz",
      "integrity": "sha1-YPOuy4nV+uUgwRqhnvwruYKq3n0=",
      "engines": {
        "node": ">=0.3.1"
      }
    },
    "node_modules/doctypes": {
      "version": "1.1.0",
      "resolved": "https://r.cnpmjs.org/doctypes/download/doctypes-1.1.0.tgz",
      "integrity": "sha1-6oCxBqh1OHdOijpKWv4pPeSJ4Kk="
    },
    "node_modules/emoji-regex": {
      "version": "8.0.0",
      "resolved": "https://r.cnpmjs.org/emoji-regex/download/emoji-regex-8.0.0.tgz",
      "integrity": "sha1-6Bj9ac5cz8tARZT4QpY79TFkzDc="
    },
    "node_modules/escape-string-regexp": {
      "version": "1.0.5",
      "resolved": "https://r.cnpmjs.org/escape-string-regexp/download/escape-string-regexp-1.0.5.tgz",
      "integrity": "sha1-G2HAViGQqN/2rjuyzwIAyhMLhtQ=",
      "engines": {
        "node": ">=0.8.0"
      }
    },
    "node_modules/external-editor": {
      "version": "3.1.0",
      "resolved": "https://r.cnpmjs.org/external-editor/download/external-editor-3.1.0.tgz",
      "integrity": "sha1-ywP3QL764D6k0oPK7SdBqD8zVJU=",
      "dependencies": {
        "chardet": "^0.7.0",
        "iconv-lite": "^0.4.24",
        "tmp": "^0.0.33"
      },
      "engines": {
        "node": ">=4"
      }
    },
    "node_modules/figures": {
      "version": "3.2.0",
      "resolved": "https://r.cnpmjs.org/figures/download/figures-3.2.0.tgz",
      "integrity": "sha1-YlwYvSk8YE3EqN2y/r8MiDQXRq8=",
      "dependencies": {
        "escape-string-regexp": "^1.0.5"
      },
      "engines": {
        "node": ">=8"
      }
    },
    "node_modules/function-bind": {
      "version": "1.1.1",
      "resolved": "https://r.cnpmjs.org/function-bind/download/function-bind-1.1.1.tgz",
      "integrity": "sha1-pWiZ0+o8m6uHS7l3O3xe3pL0iV0="
    },
    "node_modules/get-intrinsic": {
      "version": "1.1.1",
      "resolved": "https://r.cnpmjs.org/get-intrinsic/download/get-intrinsic-1.1.1.tgz",
      "integrity": "sha1-FfWfN2+FXERpY5SPDSTNNje0q8Y=",
      "dependencies": {
        "function-bind": "^1.1.1",
        "has": "^1.0.3",
        "has-symbols": "^1.0.1"
      }
    },
    "node_modules/has": {
      "version": "1.0.3",
      "resolved": "https://r.cnpmjs.org/has/download/has-1.0.3.tgz",
      "integrity": "sha1-ci18v8H2qoJB8W3YFOAR4fQeh5Y=",
      "dependencies": {
        "function-bind": "^1.1.1"
      },
      "engines": {
        "node": ">= 0.4.0"
      }
    },
    "node_modules/has-flag": {
      "version": "4.0.0",
      "resolved": "https://r.cnpmjs.org/has-flag/download/has-flag-4.0.0.tgz",
      "integrity": "sha1-lEdx/ZyByBJlxNaUGGDaBrtZR5s=",
      "engines": {
        "node": ">=8"
      }
    },
    "node_modules/has-symbols": {
      "version": "1.0.2",
      "resolved": "https://r.cnpmjs.org/has-symbols/download/has-symbols-1.0.2.tgz",
      "integrity": "sha1-Fl0wcMADCXUqEjakeTMeOsVvFCM=",
      "engines": {
        "node": ">= 0.4"
      }
    },
    "node_modules/iconv-lite": {
      "version": "0.4.24",
      "resolved": "https://r.cnpmjs.org/iconv-lite/download/iconv-lite-0.4.24.tgz",
      "integrity": "sha1-ICK0sl+93CHS9SSXSkdKr+czkIs=",
      "dependencies": {
        "safer-buffer": ">= 2.1.2 < 3"
      },
      "engines": {
        "node": ">=0.10.0"
      }
    },
    "node_modules/inquirer": {
      "version": "8.0.0",
      "resolved": "https://r.cnpmjs.org/inquirer/download/inquirer-8.0.0.tgz",
      "integrity": "sha1-lXpG2xq88P3Sq4Let0cOkK/H0Kw=",
      "dependencies": {
        "ansi-escapes": "^4.2.1",
        "chalk": "^4.1.0",
        "cli-cursor": "^3.1.0",
        "cli-width": "^3.0.0",
        "external-editor": "^3.0.3",
        "figures": "^3.0.0",
        "lodash": "^4.17.21",
        "mute-stream": "0.0.8",
        "run-async": "^2.4.0",
        "rxjs": "^6.6.6",
        "string-width": "^4.1.0",
        "strip-ansi": "^6.0.0",
        "through": "^2.3.6"
      },
      "engines": {
        "node": ">=8.0.0"
      }
    },
    "node_modules/is-core-module": {
      "version": "2.2.0",
      "resolved": "https://r.cnpmjs.org/is-core-module/download/is-core-module-2.2.0.tgz",
      "integrity": "sha1-lwN+89UiJNhRY/VZeytj2a/tmBo=",
      "dependencies": {
        "has": "^1.0.3"
      }
    },
    "node_modules/is-expression": {
      "version": "4.0.0",
      "resolved": "https://r.cnpmjs.org/is-expression/download/is-expression-4.0.0.tgz",
      "integrity": "sha1-wzFVliq/IdCv0lUlFNZ9LsFv0qs=",
      "dependencies": {
        "acorn": "^7.1.1",
        "object-assign": "^4.1.1"
      }
    },
    "node_modules/is-fullwidth-code-point": {
      "version": "3.0.0",
      "resolved": "https://r.cnpmjs.org/is-fullwidth-code-point/download/is-fullwidth-code-point-3.0.0.tgz",
      "integrity": "sha1-8Rb4Bk/pCz94RKOJl8C3UFEmnx0=",
      "engines": {
        "node": ">=8"
      }
    },
    "node_modules/is-promise": {
      "version": "2.2.2",
      "resolved": "https://r.cnpmjs.org/is-promise/download/is-promise-2.2.2.tgz",
      "integrity": "sha1-OauVnMv5p3TPB597QMeib3YxNfE="
    },
    "node_modules/is-regex": {
      "version": "1.1.2",
      "resolved": "https://r.cnpmjs.org/is-regex/download/is-regex-1.1.2.tgz",
      "integrity": "sha1-gcjr3k2xQvLPHFP8htakV4gmYlE=",
      "dependencies": {
        "call-bind": "^1.0.2",
        "has-symbols": "^1.0.1"
      },
      "engines": {
        "node": ">= 0.4"
      }
    },
    "node_modules/js-stringify": {
      "version": "1.0.2",
      "resolved": "https://r.cnpmjs.org/js-stringify/download/js-stringify-1.0.2.tgz",
      "integrity": "sha1-Fzb939lyTyijaCrcYjCufk6Weds="
    },
    "node_modules/jstransformer": {
      "version": "1.0.0",
      "resolved": "https://r.cnpmjs.org/jstransformer/download/jstransformer-1.0.0.tgz",
      "integrity": "sha1-7Yvwkh4vPx7U1cGkT2hwntJHIsM=",
      "dependencies": {
        "is-promise": "^2.0.0",
        "promise": "^7.0.1"
      }
    },
    "node_modules/lodash": {
      "version": "4.17.21",
      "resolved": "https://r.cnpmjs.org/lodash/download/lodash-4.17.21.tgz",
      "integrity": "sha1-Z5WRxWTDv/quhFTPCz3zcMPWkRw="
    },
    "node_modules/make-error": {
      "version": "1.3.6",
      "resolved": "https://r.cnpmjs.org/make-error/download/make-error-1.3.6.tgz",
      "integrity": "sha1-LrLjfqm2fEiR9oShOUeZr0hM96I="
    },
    "node_modules/mimic-fn": {
      "version": "2.1.0",
      "resolved": "https://r.cnpmjs.org/mimic-fn/download/mimic-fn-2.1.0.tgz",
      "integrity": "sha1-ftLCzMyvhNP/y3pptXcR/CCDQBs=",
      "engines": {
        "node": ">=6"
      }
    },
    "node_modules/mute-stream": {
      "version": "0.0.8",
      "resolved": "https://r.cnpmjs.org/mute-stream/download/mute-stream-0.0.8.tgz",
      "integrity": "sha1-FjDEKyJR/4HiooPelqVJfqkuXg0="
    },
    "node_modules/object-assign": {
      "version": "4.1.1",
      "resolved": "https://r.cnpmjs.org/object-assign/download/object-assign-4.1.1.tgz",
      "integrity": "sha1-IQmtx5ZYh8/AXLvUQsrIv7s2CGM=",
      "engines": {
        "node": ">=0.10.0"
      }
    },
    "node_modules/onetime": {
      "version": "5.1.2",
      "resolved": "https://r.cnpmjs.org/onetime/download/onetime-5.1.2.tgz",
      "integrity": "sha1-0Oluu1awdHbfHdnEgG5SN5hcpF4=",
      "dependencies": {
        "mimic-fn": "^2.1.0"
      },
      "engines": {
        "node": ">=6"
      }
    },
    "node_modules/os-tmpdir": {
      "version": "1.0.2",
      "resolved": "https://r.cnpmjs.org/os-tmpdir/download/os-tmpdir-1.0.2.tgz",
      "integrity": "sha1-u+Z0BseaqFxc/sdm/lc0VV36EnQ=",
      "engines": {
        "node": ">=0.10.0"
      }
    },
    "node_modules/path-parse": {
      "version": "1.0.6",
      "resolved": "https://r.cnpmjs.org/path-parse/download/path-parse-1.0.6.tgz",
      "integrity": "sha1-1i27VnlAXXLEc37FhgDp3c8G0kw="
    },
    "node_modules/promise": {
      "version": "7.3.1",
      "resolved": "https://r.cnpmjs.org/promise/download/promise-7.3.1.tgz",
      "integrity": "sha1-BktyYCsY+Q8pGSuLG8QY/9Hr078=",
      "dependencies": {
        "asap": "~2.0.3"
      }
    },
    "node_modules/pug": {
      "version": "3.0.2",
      "resolved": "https://r.cnpmjs.org/pug/download/pug-3.0.2.tgz",
      "integrity": "sha1-81xxBzQ0VOQ7wnrg/3bHMbeOpTU=",
      "dependencies": {
        "pug-code-gen": "^3.0.2",
        "pug-filters": "^4.0.0",
        "pug-lexer": "^5.0.1",
        "pug-linker": "^4.0.0",
        "pug-load": "^3.0.0",
        "pug-parser": "^6.0.0",
        "pug-runtime": "^3.0.1",
        "pug-strip-comments": "^2.0.0"
      }
    },
    "node_modules/pug-attrs": {
      "version": "3.0.0",
      "resolved": "https://r.cnpmjs.org/pug-attrs/download/pug-attrs-3.0.0.tgz",
      "integrity": "sha1-sQRR4DSBZeMfrRzCPr3dncc0fEE=",
      "dependencies": {
        "constantinople": "^4.0.1",
        "js-stringify": "^1.0.2",
        "pug-runtime": "^3.0.0"
      }
    },
    "node_modules/pug-code-gen": {
      "version": "3.0.2",
      "resolved": "https://r.cnpmjs.org/pug-code-gen/download/pug-code-gen-3.0.2.tgz",
      "integrity": "sha1-rRkPSUMTO/GGtguA3kgxAOEy4s4=",
      "dependencies": {
        "constantinople": "^4.0.1",
        "doctypes": "^1.1.0",
        "js-stringify": "^1.0.2",
        "pug-attrs": "^3.0.0",
        "pug-error": "^2.0.0",
        "pug-runtime": "^3.0.0",
        "void-elements": "^3.1.0",
        "with": "^7.0.0"
      }
    },
    "node_modules/pug-error": {
      "version": "2.0.0",
      "resolved": "https://r.cnpmjs.org/pug-error/download/pug-error-2.0.0.tgz",
      "integrity": "sha1-XGIXPLCcNN4qLOBPF7it/sdNjKU="
    },
    "node_modules/pug-filters": {
      "version": "4.0.0",
      "resolved": "https://r.cnpmjs.org/pug-filters/download/pug-filters-4.0.0.tgz",
      "integrity": "sha1-0+Sa9bqEcum3pm2YDnB86dLMm14=",
      "dependencies": {
        "constantinople": "^4.0.1",
        "jstransformer": "1.0.0",
        "pug-error": "^2.0.0",
        "pug-walk": "^2.0.0",
        "resolve": "^1.15.1"
      }
    },
    "node_modules/pug-lexer": {
      "version": "5.0.1",
      "resolved": "https://r.cnpmjs.org/pug-lexer/download/pug-lexer-5.0.1.tgz",
      "integrity": "sha1-rkRijFvvmxkLZlaDsojKkCS4sNU=",
      "dependencies": {
        "character-parser": "^2.2.0",
        "is-expression": "^4.0.0",
        "pug-error": "^2.0.0"
      }
    },
    "node_modules/pug-linker": {
      "version": "4.0.0",
      "resolved": "https://r.cnpmjs.org/pug-linker/download/pug-linker-4.0.0.tgz",
      "integrity": "sha1-EsvAWU/Fo+Brn8Web5PBRpYqdwg=",
      "dependencies": {
        "pug-error": "^2.0.0",
        "pug-walk": "^2.0.0"
      }
    },
    "node_modules/pug-load": {
      "version": "3.0.0",
      "resolved": "https://r.cnpmjs.org/pug-load/download/pug-load-3.0.0.tgz",
      "integrity": "sha1-n9nNpSICsIrbEdJWgfufNL1BtmI=",
      "dependencies": {
        "object-assign": "^4.1.1",
        "pug-walk": "^2.0.0"
      }
    },
    "node_modules/pug-parser": {
      "version": "6.0.0",
      "resolved": "https://r.cnpmjs.org/pug-parser/download/pug-parser-6.0.0.tgz",
      "integrity": "sha1-qP3ANYY6lbLB3F6/Ts+AtOdqEmA=",
      "dependencies": {
        "pug-error": "^2.0.0",
        "token-stream": "1.0.0"
      }
    },
    "node_modules/pug-runtime": {
      "version": "3.0.1",
      "resolved": "https://r.cnpmjs.org/pug-runtime/download/pug-runtime-3.0.1.tgz",
      "integrity": "sha1-9jaXYgRyPzWoxfb61qzaKhkbg9c="
    },
    "node_modules/pug-strip-comments": {
      "version": "2.0.0",
      "resolved": "https://r.cnpmjs.org/pug-strip-comments/download/pug-strip-comments-2.0.0.tgz",
      "integrity": "sha1-+UsH/WtJVSMzD0kKf1VLT/h2MD4=",
      "dependencies": {
        "pug-error": "^2.0.0"
      }
    },
    "node_modules/pug-walk": {
      "version": "2.0.0",
      "resolved": "https://r.cnpmjs.org/pug-walk/download/pug-walk-2.0.0.tgz",
      "integrity": "sha1-QXqrwpIyu0SZtbUGmistKiTV9f4="
    },
    "node_modules/resolve": {
      "version": "1.20.0",
      "resolved": "https://r.cnpmjs.org/resolve/download/resolve-1.20.0.tgz",
      "integrity": "sha1-YpoBP7P3B1XW8LeTXMHCxTeLGXU=",
      "dependencies": {
        "is-core-module": "^2.2.0",
        "path-parse": "^1.0.6"
      }
    },
    "node_modules/restore-cursor": {
      "version": "3.1.0",
      "resolved": "https://r.cnpmjs.org/restore-cursor/download/restore-cursor-3.1.0.tgz",
      "integrity": "sha1-OfZ8VLOnpYzqUjbZXPADQjljH34=",
      "dependencies": {
        "onetime": "^5.1.0",
        "signal-exit": "^3.0.2"
      },
      "engines": {
        "node": ">=8"
      }
    },
    "node_modules/run-async": {
      "version": "2.4.1",
      "resolved": "https://r.cnpmjs.org/run-async/download/run-async-2.4.1.tgz",
      "integrity": "sha1-hEDsz5nqPnC9QJ1JqriOEMGJpFU=",
      "engines": {
        "node": ">=0.12.0"
      }
    },
    "node_modules/rxjs": {
      "version": "6.6.7",
      "resolved": "https://r.cnpmjs.org/rxjs/download/rxjs-6.6.7.tgz",
      "integrity": "sha1-kKwBisq/SRv2UEQjXVhjxNq4BMk=",
      "dependencies": {
        "tslib": "^1.9.0"
      },
      "engines": {
        "npm": ">=2.0.0"
      }
    },
    "node_modules/safer-buffer": {
      "version": "2.1.2",
      "resolved": "https://r.cnpmjs.org/safer-buffer/download/safer-buffer-2.1.2.tgz",
      "integrity": "sha1-RPoWGwGHuVSd2Eu5GAL5vYOFzWo="
    },
    "node_modules/signal-exit": {
      "version": "3.0.3",
      "resolved": "https://r.cnpmjs.org/signal-exit/download/signal-exit-3.0.3.tgz",
      "integrity": "sha1-oUEMLt2PB3sItOJTyOrPyvBXRhw="
    },
    "node_modules/source-map": {
      "version": "0.6.1",
      "resolved": "https://r.cnpmjs.org/source-map/download/source-map-0.6.1.tgz",
      "integrity": "sha1-dHIq8y6WFOnCh6jQu95IteLxomM=",
      "engines": {
        "node": ">=0.10.0"
      }
    },
    "node_modules/source-map-support": {
      "version": "0.5.19",
      "resolved": "https://r.cnpmjs.org/source-map-support/download/source-map-support-0.5.19.tgz",
      "integrity": "sha1-qYti+G3K9PZzmWSMCFKRq56P7WE=",
      "dependencies": {
        "buffer-from": "^1.0.0",
        "source-map": "^0.6.0"
      }
    },
    "node_modules/string-width": {
      "version": "4.2.2",
      "resolved": "https://r.cnpmjs.org/string-width/download/string-width-4.2.2.tgz",
      "integrity": "sha1-2v1PlVmnWFz7pSnGoKT3NIjr1MU=",
      "dependencies": {
        "emoji-regex": "^8.0.0",
        "is-fullwidth-code-point": "^3.0.0",
        "strip-ansi": "^6.0.0"
      },
      "engines": {
        "node": ">=8"
      }
    },
    "node_modules/strip-ansi": {
      "version": "6.0.0",
      "resolved": "https://r.cnpmjs.org/strip-ansi/download/strip-ansi-6.0.0.tgz",
      "integrity": "sha1-CxVx3XZpzNTz4G4U7x7tJiJa5TI=",
      "dependencies": {
        "ansi-regex": "^5.0.0"
      },
      "engines": {
        "node": ">=8"
      }
    },
    "node_modules/supports-color": {
      "version": "7.2.0",
      "resolved": "https://r.cnpmjs.org/supports-color/download/supports-color-7.2.0.tgz",
      "integrity": "sha1-G33NyzK4E4gBs+R4umpRyqiWSNo=",
      "dependencies": {
        "has-flag": "^4.0.0"
      },
      "engines": {
        "node": ">=8"
      }
    },
    "node_modules/through": {
      "version": "2.3.8",
      "resolved": "https://r.cnpmjs.org/through/download/through-2.3.8.tgz",
      "integrity": "sha1-DdTJ/6q8NXlgsbckEV1+Doai4fU="
    },
    "node_modules/tmp": {
      "version": "0.0.33",
      "resolved": "https://r.cnpmjs.org/tmp/download/tmp-0.0.33.tgz",
      "integrity": "sha1-bTQzWIl2jSGyvNoKonfO07G/rfk=",
      "dependencies": {
        "os-tmpdir": "~1.0.2"
      },
      "engines": {
        "node": ">=0.6.0"
      }
    },
    "node_modules/to-fast-properties": {
      "version": "2.0.0",
      "resolved": "https://r.cnpmjs.org/to-fast-properties/download/to-fast-properties-2.0.0.tgz",
      "integrity": "sha1-3F5pjL0HkmW8c+A3doGk5Og/YW4=",
      "engines": {
        "node": ">=4"
      }
    },
    "node_modules/token-stream": {
      "version": "1.0.0",
      "resolved": "https://r.cnpmjs.org/token-stream/download/token-stream-1.0.0.tgz",
      "integrity": "sha1-zCAOqyYT9BZtJ/+a/HylbUnfbrQ="
    },
    "node_modules/ts-node": {
      "version": "9.1.1",
      "resolved": "https://r.cnpmjs.org/ts-node/download/ts-node-9.1.1.tgz",
      "integrity": "sha1-UamkUKPpWUAb2l8ASnLVS5NtN20=",
      "dependencies": {
        "arg": "^4.1.0",
        "create-require": "^1.1.0",
        "diff": "^4.0.1",
        "make-error": "^1.1.1",
        "source-map-support": "^0.5.17",
        "yn": "3.1.1"
      },
      "bin": {
        "ts-node": "dist/bin.js",
        "ts-node-script": "dist/bin-script.js",
        "ts-node-transpile-only": "dist/bin-transpile.js",
        "ts-script": "dist/bin-script-deprecated.js"
      },
      "engines": {
        "node": ">=10.0.0"
      },
      "peerDependencies": {
        "typescript": ">=2.7"
      }
    },
    "node_modules/tslib": {
      "version": "1.14.1",
      "resolved": "https://r.cnpmjs.org/tslib/download/tslib-1.14.1.tgz",
      "integrity": "sha1-zy04vcNKE0vK8QkcQfZhni9nLQA="
    },
    "node_modules/type-fest": {
      "version": "0.21.3",
      "resolved": "https://r.cnpmjs.org/type-fest/download/type-fest-0.21.3.tgz",
      "integrity": "sha1-0mCiSwGYQ24TP6JqUkptZfo7Ljc=",
      "engines": {
        "node": ">=10"
      }
    },
    "node_modules/typescript": {
      "version": "4.2.4",
      "resolved": "https://r.cnpmjs.org/typescript/download/typescript-4.2.4.tgz",
      "integrity": "sha1-hhC1l0feAo/aiYqK7w4QPxVtCWE=",
      "peer": true,
      "bin": {
        "tsc": "bin/tsc",
        "tsserver": "bin/tsserver"
      },
      "engines": {
        "node": ">=4.2.0"
      }
    },
    "node_modules/void-elements": {
      "version": "3.1.0",
      "resolved": "https://r.cnpmjs.org/void-elements/download/void-elements-3.1.0.tgz",
      "integrity": "sha1-YU9/v42AHwu18GYfWy9XhXUOTwk=",
      "engines": {
        "node": ">=0.10.0"
      }
    },
    "node_modules/with": {
      "version": "7.0.2",
      "resolved": "https://r.cnpmjs.org/with/download/with-7.0.2.tgz",
      "integrity": "sha1-zO461ULSVTinp6gKrSErmChJW6w=",
      "dependencies": {
        "@babel/parser": "^7.9.6",
        "@babel/types": "^7.9.6",
        "assert-never": "^1.2.1",
        "babel-walk": "3.0.0-canary-5"
      },
      "engines": {
        "node": ">= 10.0.0"
      }
    },
    "node_modules/yn": {
      "version": "3.1.1",
      "resolved": "https://r.cnpmjs.org/yn/download/yn-3.1.1.tgz",
      "integrity": "sha1-HodAGgnXZ8HV6rJqbkwYUYLS61A=",
      "engines": {
        "node": ">=6"
      }
    }
  },
  "dependencies": {
    "@babel/helper-validator-identifier": {
      "version": "7.12.11",
      "resolved": "https://r.cnpmjs.org/@babel/helper-validator-identifier/download/@babel/helper-validator-identifier-7.12.11.tgz",
      "integrity": "sha1-yaHwIZF9y1zPDU5FPjmQIpgfye0="
    },
    "@babel/parser": {
      "version": "7.13.15",
      "resolved": "https://r.cnpmjs.org/@babel/parser/download/@babel/parser-7.13.15.tgz",
      "integrity": "sha1-jmZ3X7UjWZrLaiieEpKfpasJVNg="
    },
    "@babel/types": {
      "version": "7.13.14",
      "resolved": "https://r.cnpmjs.org/@babel/types/download/@babel/types-7.13.14.tgz",
      "integrity": "sha1-w1pKuxXHzUWidG14qzKONiy6zg0=",
      "requires": {
        "@babel/helper-validator-identifier": "^7.12.11",
        "lodash": "^4.17.19",
        "to-fast-properties": "^2.0.0"
      }
    },
    "@types/inquirer": {
      "version": "7.3.1",
      "resolved": "https://r.cnpmjs.org/@types/inquirer/download/@types/inquirer-7.3.1.tgz",
      "integrity": "sha1-HyMSJOffEcz69M+ay8w7k1/qKS0=",
      "dev": true,
      "requires": {
        "@types/through": "*",
        "rxjs": "^6.4.0"
      }
    },
    "@types/node": {
      "version": "14.14.41",
      "resolved": "https://r.cnpmjs.org/@types/node/download/@types/node-14.14.41.tgz",
      "integrity": "sha1-0Lk52Uwde9U9BIJK9F8RObjEVhU=",
      "dev": true
    },
    "@types/pug": {
      "version": "2.0.4",
      "resolved": "https://r.cnpmjs.org/@types/pug/download/@types/pug-2.0.4.tgz",
      "integrity": "sha1-h3L80EGOPNLMFxVV1zAHQVBR9LI=",
      "dev": true
    },
    "@types/through": {
      "version": "0.0.30",
      "resolved": "https://r.cnpmjs.org/@types/through/download/@types/through-0.0.30.tgz",
      "integrity": "sha1-4OQs536Je9aurW9upirrE1uKOJU=",
      "dev": true,
      "requires": {
        "@types/node": "*"
      }
    },
    "acorn": {
      "version": "7.4.1",
      "resolved": "https://r.cnpmjs.org/acorn/download/acorn-7.4.1.tgz",
      "integrity": "sha1-/q7SVZc9LndVW4PbwIhRpsY1IPo="
    },
    "ansi-escapes": {
      "version": "4.3.2",
      "resolved": "https://r.cnpmjs.org/ansi-escapes/download/ansi-escapes-4.3.2.tgz",
      "integrity": "sha1-ayKR0dt9mLZSHV8e+kLQ86n+tl4=",
      "requires": {
        "type-fest": "^0.21.3"
      }
    },
    "ansi-regex": {
      "version": "5.0.0",
      "resolved": "https://r.cnpmjs.org/ansi-regex/download/ansi-regex-5.0.0.tgz",
      "integrity": "sha1-OIU59VF5vzkznIGvMKZU1p+Hy3U="
    },
    "ansi-styles": {
      "version": "4.3.0",
      "resolved": "https://r.cnpmjs.org/ansi-styles/download/ansi-styles-4.3.0.tgz",
      "integrity": "sha1-7dgDYornHATIWuegkG7a00tkiTc=",
      "requires": {
        "color-convert": "^2.0.1"
      }
    },
    "arg": {
      "version": "4.1.3",
      "resolved": "https://r.cnpmjs.org/arg/download/arg-4.1.3.tgz",
      "integrity": "sha1-Jp/HrVuOQstjyJbVZmAXJhwUQIk="
    },
    "asap": {
      "version": "2.0.6",
      "resolved": "https://r.cnpmjs.org/asap/download/asap-2.0.6.tgz",
      "integrity": "sha1-5QNHYR1+aQlDIIu9r+vLwvuGbUY="
    },
    "assert-never": {
      "version": "1.2.1",
      "resolved": "https://r.cnpmjs.org/assert-never/download/assert-never-1.2.1.tgz",
      "integrity": "sha1-EfDjY78UYgX7CBk7XHuQ9NHPRP4="
    },
    "babel-walk": {
      "version": "3.0.0-canary-5",
      "resolved": "https://r.cnpmjs.org/babel-walk/download/babel-walk-3.0.0-canary-5.tgz",
      "integrity": "sha1-9m7Ncpg1eu5ElV8jWm71QhkQSxE=",
      "requires": {
        "@babel/types": "^7.9.6"
      }
    },
    "buffer-from": {
      "version": "1.1.1",
      "resolved": "https://r.cnpmjs.org/buffer-from/download/buffer-from-1.1.1.tgz",
      "integrity": "sha1-MnE7wCj3XAL9txDXx7zsHyxgcO8="
    },
    "call-bind": {
      "version": "1.0.2",
      "resolved": "https://r.cnpmjs.org/call-bind/download/call-bind-1.0.2.tgz",
      "integrity": "sha1-sdTonmiBGcPJqQOtMKuy9qkZvjw=",
      "requires": {
        "function-bind": "^1.1.1",
        "get-intrinsic": "^1.0.2"
      }
    },
    "chalk": {
      "version": "4.1.0",
      "resolved": "https://r.cnpmjs.org/chalk/download/chalk-4.1.0.tgz",
      "integrity": "sha1-ThSHCmGNni7dl92DRf2dncMVZGo=",
      "requires": {
        "ansi-styles": "^4.1.0",
        "supports-color": "^7.1.0"
      }
    },
    "character-parser": {
      "version": "2.2.0",
      "resolved": "https://r.cnpmjs.org/character-parser/download/character-parser-2.2.0.tgz",
      "integrity": "sha1-x84o821LzZdE5f/CxfzeHHMmH8A=",
      "requires": {
        "is-regex": "^1.0.3"
      }
    },
    "chardet": {
      "version": "0.7.0",
      "resolved": "https://r.cnpmjs.org/chardet/download/chardet-0.7.0.tgz",
      "integrity": "sha1-kAlISfCTfy7twkJdDSip5fDLrZ4="
    },
    "cli-cursor": {
      "version": "3.1.0",
      "resolved": "https://r.cnpmjs.org/cli-cursor/download/cli-cursor-3.1.0.tgz",
      "integrity": "sha1-JkMFp65JDR0Dvwybp8kl0XU68wc=",
      "requires": {
        "restore-cursor": "^3.1.0"
      }
    },
    "cli-width": {
      "version": "3.0.0",
      "resolved": "https://r.cnpmjs.org/cli-width/download/cli-width-3.0.0.tgz",
      "integrity": "sha1-ovSEN6LKqaIkNueUvwceyeYc7fY="
    },
    "color-convert": {
      "version": "2.0.1",
      "resolved": "https://r.cnpmjs.org/color-convert/download/color-convert-2.0.1.tgz",
      "integrity": "sha1-ctOmjVmMm9s68q0ehPIdiWq9TeM=",
      "requires": {
        "color-name": "~1.1.4"
      }
    },
    "color-name": {
      "version": "1.1.4",
      "resolved": "https://r.cnpmjs.org/color-name/download/color-name-1.1.4.tgz",
      "integrity": "sha1-wqCah6y95pVD3m9j+jmVyCbFNqI="
    },
    "constantinople": {
      "version": "4.0.1",
      "resolved": "https://r.cnpmjs.org/constantinople/download/constantinople-4.0.1.tgz",
      "integrity": "sha1-De8RP6Dk3I3oMzGlz3nIsyUhMVE=",
      "requires": {
        "@babel/parser": "^7.6.0",
        "@babel/types": "^7.6.1"
      }
    },
    "create-require": {
      "version": "1.1.1",
      "resolved": "https://r.cnpmjs.org/create-require/download/create-require-1.1.1.tgz",
      "integrity": "sha1-wdfo8eX2z8n/ZfnNNS03NIdWwzM="
    },
    "diff": {
      "version": "4.0.2",
      "resolved": "https://r.cnpmjs.org/diff/download/diff-4.0.2.tgz",
      "integrity": "sha1-YPOuy4nV+uUgwRqhnvwruYKq3n0="
    },
    "doctypes": {
      "version": "1.1.0",
      "resolved": "https://r.cnpmjs.org/doctypes/download/doctypes-1.1.0.tgz",
      "integrity": "sha1-6oCxBqh1OHdOijpKWv4pPeSJ4Kk="
    },
    "emoji-regex": {
      "version": "8.0.0",
      "resolved": "https://r.cnpmjs.org/emoji-regex/download/emoji-regex-8.0.0.tgz",
      "integrity": "sha1-6Bj9ac5cz8tARZT4QpY79TFkzDc="
    },
    "escape-string-regexp": {
      "version": "1.0.5",
      "resolved": "https://r.cnpmjs.org/escape-string-regexp/download/escape-string-regexp-1.0.5.tgz",
      "integrity": "sha1-G2HAViGQqN/2rjuyzwIAyhMLhtQ="
    },
    "external-editor": {
      "version": "3.1.0",
      "resolved": "https://r.cnpmjs.org/external-editor/download/external-editor-3.1.0.tgz",
      "integrity": "sha1-ywP3QL764D6k0oPK7SdBqD8zVJU=",
      "requires": {
        "chardet": "^0.7.0",
        "iconv-lite": "^0.4.24",
        "tmp": "^0.0.33"
      }
    },
    "figures": {
      "version": "3.2.0",
      "resolved": "https://r.cnpmjs.org/figures/download/figures-3.2.0.tgz",
      "integrity": "sha1-YlwYvSk8YE3EqN2y/r8MiDQXRq8=",
      "requires": {
        "escape-string-regexp": "^1.0.5"
      }
    },
    "function-bind": {
      "version": "1.1.1",
      "resolved": "https://r.cnpmjs.org/function-bind/download/function-bind-1.1.1.tgz",
      "integrity": "sha1-pWiZ0+o8m6uHS7l3O3xe3pL0iV0="
    },
    "get-intrinsic": {
      "version": "1.1.1",
      "resolved": "https://r.cnpmjs.org/get-intrinsic/download/get-intrinsic-1.1.1.tgz",
      "integrity": "sha1-FfWfN2+FXERpY5SPDSTNNje0q8Y=",
      "requires": {
        "function-bind": "^1.1.1",
        "has": "^1.0.3",
        "has-symbols": "^1.0.1"
      }
    },
    "has": {
      "version": "1.0.3",
      "resolved": "https://r.cnpmjs.org/has/download/has-1.0.3.tgz",
      "integrity": "sha1-ci18v8H2qoJB8W3YFOAR4fQeh5Y=",
      "requires": {
        "function-bind": "^1.1.1"
      }
    },
    "has-flag": {
      "version": "4.0.0",
      "resolved": "https://r.cnpmjs.org/has-flag/download/has-flag-4.0.0.tgz",
      "integrity": "sha1-lEdx/ZyByBJlxNaUGGDaBrtZR5s="
    },
    "has-symbols": {
      "version": "1.0.2",
      "resolved": "https://r.cnpmjs.org/has-symbols/download/has-symbols-1.0.2.tgz",
      "integrity": "sha1-Fl0wcMADCXUqEjakeTMeOsVvFCM="
    },
    "iconv-lite": {
      "version": "0.4.24",
      "resolved": "https://r.cnpmjs.org/iconv-lite/download/iconv-lite-0.4.24.tgz",
      "integrity": "sha1-ICK0sl+93CHS9SSXSkdKr+czkIs=",
      "requires": {
        "safer-buffer": ">= 2.1.2 < 3"
      }
    },
    "inquirer": {
      "version": "8.0.0",
      "resolved": "https://r.cnpmjs.org/inquirer/download/inquirer-8.0.0.tgz",
      "integrity": "sha1-lXpG2xq88P3Sq4Let0cOkK/H0Kw=",
      "requires": {
        "ansi-escapes": "^4.2.1",
        "chalk": "^4.1.0",
        "cli-cursor": "^3.1.0",
        "cli-width": "^3.0.0",
        "external-editor": "^3.0.3",
        "figures": "^3.0.0",
        "lodash": "^4.17.21",
        "mute-stream": "0.0.8",
        "run-async": "^2.4.0",
        "rxjs": "^6.6.6",
        "string-width": "^4.1.0",
        "strip-ansi": "^6.0.0",
        "through": "^2.3.6"
      }
    },
    "is-core-module": {
      "version": "2.2.0",
      "resolved": "https://r.cnpmjs.org/is-core-module/download/is-core-module-2.2.0.tgz",
      "integrity": "sha1-lwN+89UiJNhRY/VZeytj2a/tmBo=",
      "requires": {
        "has": "^1.0.3"
      }
    },
    "is-expression": {
      "version": "4.0.0",
      "resolved": "https://r.cnpmjs.org/is-expression/download/is-expression-4.0.0.tgz",
      "integrity": "sha1-wzFVliq/IdCv0lUlFNZ9LsFv0qs=",
      "requires": {
        "acorn": "^7.1.1",
        "object-assign": "^4.1.1"
      }
    },
    "is-fullwidth-code-point": {
      "version": "3.0.0",
      "resolved": "https://r.cnpmjs.org/is-fullwidth-code-point/download/is-fullwidth-code-point-3.0.0.tgz",
      "integrity": "sha1-8Rb4Bk/pCz94RKOJl8C3UFEmnx0="
    },
    "is-promise": {
      "version": "2.2.2",
      "resolved": "https://r.cnpmjs.org/is-promise/download/is-promise-2.2.2.tgz",
      "integrity": "sha1-OauVnMv5p3TPB597QMeib3YxNfE="
    },
    "is-regex": {
      "version": "1.1.2",
      "resolved": "https://r.cnpmjs.org/is-regex/download/is-regex-1.1.2.tgz",
      "integrity": "sha1-gcjr3k2xQvLPHFP8htakV4gmYlE=",
      "requires": {
        "call-bind": "^1.0.2",
        "has-symbols": "^1.0.1"
      }
    },
    "js-stringify": {
      "version": "1.0.2",
      "resolved": "https://r.cnpmjs.org/js-stringify/download/js-stringify-1.0.2.tgz",
      "integrity": "sha1-Fzb939lyTyijaCrcYjCufk6Weds="
    },
    "jstransformer": {
      "version": "1.0.0",
      "resolved": "https://r.cnpmjs.org/jstransformer/download/jstransformer-1.0.0.tgz",
      "integrity": "sha1-7Yvwkh4vPx7U1cGkT2hwntJHIsM=",
      "requires": {
        "is-promise": "^2.0.0",
        "promise": "^7.0.1"
      }
    },
    "lodash": {
      "version": "4.17.21",
      "resolved": "https://r.cnpmjs.org/lodash/download/lodash-4.17.21.tgz",
      "integrity": "sha1-Z5WRxWTDv/quhFTPCz3zcMPWkRw="
    },
    "make-error": {
      "version": "1.3.6",
      "resolved": "https://r.cnpmjs.org/make-error/download/make-error-1.3.6.tgz",
      "integrity": "sha1-LrLjfqm2fEiR9oShOUeZr0hM96I="
    },
    "mimic-fn": {
      "version": "2.1.0",
      "resolved": "https://r.cnpmjs.org/mimic-fn/download/mimic-fn-2.1.0.tgz",
      "integrity": "sha1-ftLCzMyvhNP/y3pptXcR/CCDQBs="
    },
    "mute-stream": {
      "version": "0.0.8",
      "resolved": "https://r.cnpmjs.org/mute-stream/download/mute-stream-0.0.8.tgz",
      "integrity": "sha1-FjDEKyJR/4HiooPelqVJfqkuXg0="
    },
    "object-assign": {
      "version": "4.1.1",
      "resolved": "https://r.cnpmjs.org/object-assign/download/object-assign-4.1.1.tgz",
      "integrity": "sha1-IQmtx5ZYh8/AXLvUQsrIv7s2CGM="
    },
    "onetime": {
      "version": "5.1.2",
      "resolved": "https://r.cnpmjs.org/onetime/download/onetime-5.1.2.tgz",
      "integrity": "sha1-0Oluu1awdHbfHdnEgG5SN5hcpF4=",
      "requires": {
        "mimic-fn": "^2.1.0"
      }
    },
    "os-tmpdir": {
      "version": "1.0.2",
      "resolved": "https://r.cnpmjs.org/os-tmpdir/download/os-tmpdir-1.0.2.tgz",
      "integrity": "sha1-u+Z0BseaqFxc/sdm/lc0VV36EnQ="
    },
    "path-parse": {
      "version": "1.0.6",
      "resolved": "https://r.cnpmjs.org/path-parse/download/path-parse-1.0.6.tgz",
      "integrity": "sha1-1i27VnlAXXLEc37FhgDp3c8G0kw="
    },
    "promise": {
      "version": "7.3.1",
      "resolved": "https://r.cnpmjs.org/promise/download/promise-7.3.1.tgz",
      "integrity": "sha1-BktyYCsY+Q8pGSuLG8QY/9Hr078=",
      "requires": {
        "asap": "~2.0.3"
      }
    },
    "pug": {
      "version": "3.0.2",
      "resolved": "https://r.cnpmjs.org/pug/download/pug-3.0.2.tgz",
      "integrity": "sha1-81xxBzQ0VOQ7wnrg/3bHMbeOpTU=",
      "requires": {
        "pug-code-gen": "^3.0.2",
        "pug-filters": "^4.0.0",
        "pug-lexer": "^5.0.1",
        "pug-linker": "^4.0.0",
        "pug-load": "^3.0.0",
        "pug-parser": "^6.0.0",
        "pug-runtime": "^3.0.1",
        "pug-strip-comments": "^2.0.0"
      }
    },
    "pug-attrs": {
      "version": "3.0.0",
      "resolved": "https://r.cnpmjs.org/pug-attrs/download/pug-attrs-3.0.0.tgz",
      "integrity": "sha1-sQRR4DSBZeMfrRzCPr3dncc0fEE=",
      "requires": {
        "constantinople": "^4.0.1",
        "js-stringify": "^1.0.2",
        "pug-runtime": "^3.0.0"
      }
    },
    "pug-code-gen": {
      "version": "3.0.2",
      "resolved": "https://r.cnpmjs.org/pug-code-gen/download/pug-code-gen-3.0.2.tgz",
      "integrity": "sha1-rRkPSUMTO/GGtguA3kgxAOEy4s4=",
      "requires": {
        "constantinople": "^4.0.1",
        "doctypes": "^1.1.0",
        "js-stringify": "^1.0.2",
        "pug-attrs": "^3.0.0",
        "pug-error": "^2.0.0",
        "pug-runtime": "^3.0.0",
        "void-elements": "^3.1.0",
        "with": "^7.0.0"
      }
    },
    "pug-error": {
      "version": "2.0.0",
      "resolved": "https://r.cnpmjs.org/pug-error/download/pug-error-2.0.0.tgz",
      "integrity": "sha1-XGIXPLCcNN4qLOBPF7it/sdNjKU="
    },
    "pug-filters": {
      "version": "4.0.0",
      "resolved": "https://r.cnpmjs.org/pug-filters/download/pug-filters-4.0.0.tgz",
      "integrity": "sha1-0+Sa9bqEcum3pm2YDnB86dLMm14=",
      "requires": {
        "constantinople": "^4.0.1",
        "jstransformer": "1.0.0",
        "pug-error": "^2.0.0",
        "pug-walk": "^2.0.0",
        "resolve": "^1.15.1"
      }
    },
    "pug-lexer": {
      "version": "5.0.1",
      "resolved": "https://r.cnpmjs.org/pug-lexer/download/pug-lexer-5.0.1.tgz",
      "integrity": "sha1-rkRijFvvmxkLZlaDsojKkCS4sNU=",
      "requires": {
        "character-parser": "^2.2.0",
        "is-expression": "^4.0.0",
        "pug-error": "^2.0.0"
      }
    },
    "pug-linker": {
      "version": "4.0.0",
      "resolved": "https://r.cnpmjs.org/pug-linker/download/pug-linker-4.0.0.tgz",
      "integrity": "sha1-EsvAWU/Fo+Brn8Web5PBRpYqdwg=",
      "requires": {
        "pug-error": "^2.0.0",
        "pug-walk": "^2.0.0"
      }
    },
    "pug-load": {
      "version": "3.0.0",
      "resolved": "https://r.cnpmjs.org/pug-load/download/pug-load-3.0.0.tgz",
      "integrity": "sha1-n9nNpSICsIrbEdJWgfufNL1BtmI=",
      "requires": {
        "object-assign": "^4.1.1",
        "pug-walk": "^2.0.0"
      }
    },
    "pug-parser": {
      "version": "6.0.0",
      "resolved": "https://r.cnpmjs.org/pug-parser/download/pug-parser-6.0.0.tgz",
      "integrity": "sha1-qP3ANYY6lbLB3F6/Ts+AtOdqEmA=",
      "requires": {
        "pug-error": "^2.0.0",
        "token-stream": "1.0.0"
      }
    },
    "pug-runtime": {
      "version": "3.0.1",
      "resolved": "https://r.cnpmjs.org/pug-runtime/download/pug-runtime-3.0.1.tgz",
      "integrity": "sha1-9jaXYgRyPzWoxfb61qzaKhkbg9c="
    },
    "pug-strip-comments": {
      "version": "2.0.0",
      "resolved": "https://r.cnpmjs.org/pug-strip-comments/download/pug-strip-comments-2.0.0.tgz",
      "integrity": "sha1-+UsH/WtJVSMzD0kKf1VLT/h2MD4=",
      "requires": {
        "pug-error": "^2.0.0"
      }
    },
    "pug-walk": {
      "version": "2.0.0",
      "resolved": "https://r.cnpmjs.org/pug-walk/download/pug-walk-2.0.0.tgz",
      "integrity": "sha1-QXqrwpIyu0SZtbUGmistKiTV9f4="
    },
    "resolve": {
      "version": "1.20.0",
      "resolved": "https://r.cnpmjs.org/resolve/download/resolve-1.20.0.tgz",
      "integrity": "sha1-YpoBP7P3B1XW8LeTXMHCxTeLGXU=",
      "requires": {
        "is-core-module": "^2.2.0",
        "path-parse": "^1.0.6"
      }
    },
    "restore-cursor": {
      "version": "3.1.0",
      "resolved": "https://r.cnpmjs.org/restore-cursor/download/restore-cursor-3.1.0.tgz",
      "integrity": "sha1-OfZ8VLOnpYzqUjbZXPADQjljH34=",
      "requires": {
        "onetime": "^5.1.0",
        "signal-exit": "^3.0.2"
      }
    },
    "run-async": {
      "version": "2.4.1",
      "resolved": "https://r.cnpmjs.org/run-async/download/run-async-2.4.1.tgz",
      "integrity": "sha1-hEDsz5nqPnC9QJ1JqriOEMGJpFU="
    },
    "rxjs": {
      "version": "6.6.7",
      "resolved": "https://r.cnpmjs.org/rxjs/download/rxjs-6.6.7.tgz",
      "integrity": "sha1-kKwBisq/SRv2UEQjXVhjxNq4BMk=",
      "requires": {
        "tslib": "^1.9.0"
      }
    },
    "safer-buffer": {
      "version": "2.1.2",
      "resolved": "https://r.cnpmjs.org/safer-buffer/download/safer-buffer-2.1.2.tgz",
      "integrity": "sha1-RPoWGwGHuVSd2Eu5GAL5vYOFzWo="
    },
    "signal-exit": {
      "version": "3.0.3",
      "resolved": "https://r.cnpmjs.org/signal-exit/download/signal-exit-3.0.3.tgz",
      "integrity": "sha1-oUEMLt2PB3sItOJTyOrPyvBXRhw="
    },
    "source-map": {
      "version": "0.6.1",
      "resolved": "https://r.cnpmjs.org/source-map/download/source-map-0.6.1.tgz",
      "integrity": "sha1-dHIq8y6WFOnCh6jQu95IteLxomM="
    },
    "source-map-support": {
      "version": "0.5.19",
      "resolved": "https://r.cnpmjs.org/source-map-support/download/source-map-support-0.5.19.tgz",
      "integrity": "sha1-qYti+G3K9PZzmWSMCFKRq56P7WE=",
      "requires": {
        "buffer-from": "^1.0.0",
        "source-map": "^0.6.0"
      }
    },
    "string-width": {
      "version": "4.2.2",
      "resolved": "https://r.cnpmjs.org/string-width/download/string-width-4.2.2.tgz",
      "integrity": "sha1-2v1PlVmnWFz7pSnGoKT3NIjr1MU=",
      "requires": {
        "emoji-regex": "^8.0.0",
        "is-fullwidth-code-point": "^3.0.0",
        "strip-ansi": "^6.0.0"
      }
    },
    "strip-ansi": {
      "version": "6.0.0",
      "resolved": "https://r.cnpmjs.org/strip-ansi/download/strip-ansi-6.0.0.tgz",
      "integrity": "sha1-CxVx3XZpzNTz4G4U7x7tJiJa5TI=",
      "requires": {
        "ansi-regex": "^5.0.0"
      }
    },
    "supports-color": {
      "version": "7.2.0",
      "resolved": "https://r.cnpmjs.org/supports-color/download/supports-color-7.2.0.tgz",
      "integrity": "sha1-G33NyzK4E4gBs+R4umpRyqiWSNo=",
      "requires": {
        "has-flag": "^4.0.0"
      }
    },
    "through": {
      "version": "2.3.8",
      "resolved": "https://r.cnpmjs.org/through/download/through-2.3.8.tgz",
      "integrity": "sha1-DdTJ/6q8NXlgsbckEV1+Doai4fU="
    },
    "tmp": {
      "version": "0.0.33",
      "resolved": "https://r.cnpmjs.org/tmp/download/tmp-0.0.33.tgz",
      "integrity": "sha1-bTQzWIl2jSGyvNoKonfO07G/rfk=",
      "requires": {
        "os-tmpdir": "~1.0.2"
      }
    },
    "to-fast-properties": {
      "version": "2.0.0",
      "resolved": "https://r.cnpmjs.org/to-fast-properties/download/to-fast-properties-2.0.0.tgz",
      "integrity": "sha1-3F5pjL0HkmW8c+A3doGk5Og/YW4="
    },
    "token-stream": {
      "version": "1.0.0",
      "resolved": "https://r.cnpmjs.org/token-stream/download/token-stream-1.0.0.tgz",
      "integrity": "sha1-zCAOqyYT9BZtJ/+a/HylbUnfbrQ="
    },
    "ts-node": {
      "version": "9.1.1",
      "resolved": "https://r.cnpmjs.org/ts-node/download/ts-node-9.1.1.tgz",
      "integrity": "sha1-UamkUKPpWUAb2l8ASnLVS5NtN20=",
      "requires": {
        "arg": "^4.1.0",
        "create-require": "^1.1.0",
        "diff": "^4.0.1",
        "make-error": "^1.1.1",
        "source-map-support": "^0.5.17",
        "yn": "3.1.1"
      }
    },
    "tslib": {
      "version": "1.14.1",
      "resolved": "https://r.cnpmjs.org/tslib/download/tslib-1.14.1.tgz",
      "integrity": "sha1-zy04vcNKE0vK8QkcQfZhni9nLQA="
    },
    "type-fest": {
      "version": "0.21.3",
      "resolved": "https://r.cnpmjs.org/type-fest/download/type-fest-0.21.3.tgz",
      "integrity": "sha1-0mCiSwGYQ24TP6JqUkptZfo7Ljc="
    },
    "typescript": {
      "version": "4.2.4",
      "resolved": "https://r.cnpmjs.org/typescript/download/typescript-4.2.4.tgz",
      "integrity": "sha1-hhC1l0feAo/aiYqK7w4QPxVtCWE=",
      "peer": true
    },
    "void-elements": {
      "version": "3.1.0",
      "resolved": "https://r.cnpmjs.org/void-elements/download/void-elements-3.1.0.tgz",
      "integrity": "sha1-YU9/v42AHwu18GYfWy9XhXUOTwk="
    },
    "with": {
      "version": "7.0.2",
      "resolved": "https://r.cnpmjs.org/with/download/with-7.0.2.tgz",
      "integrity": "sha1-zO461ULSVTinp6gKrSErmChJW6w=",
      "requires": {
        "@babel/parser": "^7.9.6",
        "@babel/types": "^7.9.6",
        "assert-never": "^1.2.1",
        "babel-walk": "3.0.0-canary-5"
      }
    },
    "yn": {
      "version": "3.1.1",
      "resolved": "https://r.cnpmjs.org/yn/download/yn-3.1.1.tgz",
      "integrity": "sha1-HodAGgnXZ8HV6rJqbkwYUYLS61A="
    }
  }
}
